
Microsoft Visual Studio Solution File, Format Version 12.00
# Visual Studio 2012
Project("{FAE04EC0-301F-11D3-BF4B-00C04F79EFBC}") = "CryptoAlgo", "CryptoAlgo\CryptoAlgo.csproj", "{9A58AB62-089F-4108-99A0-482AAF40175A}"
EndProject
Project("{FAE04EC0-301F-11D3-BF4B-00C04F79EFBC}") = "UnitTest", "UnitTest\UnitTest.csproj", "{8E8CD02D-4E74-4751-9305-D3972D27E3E4}"
EndProject
Global
	GlobalSection(SolutionConfigurationPlatforms) = preSolution
		Debug|Any CPU = Debug|Any CPU
		Release|Any CPU = Release|Any CPU
	EndGlobalSection
	GlobalSection(ProjectConfigurationPlatforms) = postSolution
		{9A58AB62-089F-4108-99A0-482AAF40175A}.Debug|Any CPU.ActiveCfg = Debug|Any CPU
		{9A58AB62-089F-4108-99A0-482AAF40175A}.Debug|Any CPU.Build.0 = Debug|Any CPU
		{9A58AB62-089F-4108-99A0-482AAF40175A}.Release|Any CPU.ActiveCfg = Release|Any CPU
		{9A58AB62-089F-4108-99A0-482AAF40175A}.Release|Any CPU.Build.0 = Release|Any CPU
		{8E8CD02D-4E74-4751-9305-D3972D27E3E4}.Debug|Any CPU.ActiveCfg = Debug|Any CPU
		{8E8CD02D-4E74-4751-9305-D3972D27E3E4}.Debug|Any CPU.Build.0 = Debug|Any CPU
		{8E8CD02D-4E74-4751-9305-D3972D27E3E4}.Release|Any CPU.ActiveCfg = Release|Any CPU
		{8E8CD02D-4E74-4751-9305-D3972D27E3E4}.Release|Any CPU.Build.0 = Release|Any CPU
	EndGlobalSection
	GlobalSection(SolutionProperties) = preSolution
		HideSolutionNode = FALSE
	EndGlobalSection
EndGlobal
